// !$*UTF8*$!
{
	archiveVersion = 1;
	classes = {
	};
	objectVersion = 46;
	objects = {

/* Begin PBXBuildFile section */
		641CDBEB1D535DB10052B45B /* main.m in Sources */ = {isa = PBXBuildFile; fileRef = 641CDBEA1D535DB10052B45B /* main.m */; };
		641CDBEE1D535DB10052B45B /* AppDelegate.m in Sources */ = {isa = PBXBuildFile; fileRef = 641CDBED1D535DB10052B45B /* AppDelegate.m */; };
		641CDBF11D535DB10052B45B /* ViewController.m in Sources */ = {isa = PBXBuildFile; fileRef = 641CDBF01D535DB10052B45B /* ViewController.m */; };
		641CDBF41D535DB10052B45B /* Main.storyboard in Resources */ = {isa = PBXBuildFile; fileRef = 641CDBF21D535DB10052B45B /* Main.storyboard */; };
		641CDBF61D535DB10052B45B /* Assets.xcassets in Resources */ = {isa = PBXBuildFile; fileRef = 641CDBF51D535DB10052B45B /* Assets.xcassets */; };
		641CDBF91D535DB10052B45B /* LaunchScreen.storyboard in Resources */ = {isa = PBXBuildFile; fileRef = 641CDBF71D535DB10052B45B /* LaunchScreen.storyboard */; };
		641CDC041D535DB10052B45B /* QQSliderTabbarDemoTests.m in Sources */ = {isa = PBXBuildFile; fileRef = 641CDC031D535DB10052B45B /* QQSliderTabbarDemoTests.m */; };
		641CDC0F1D535DB10052B45B /* QQSliderTabbarDemoUITests.m in Sources */ = {isa = PBXBuildFile; fileRef = 641CDC0E1D535DB10052B45B /* QQSliderTabbarDemoUITests.m */; };
		641CDC261D535DF10052B45B /* ICSDrawerController.m in Sources */ = {isa = PBXBuildFile; fileRef = 641CDC211D535DF10052B45B /* ICSDrawerController.m */; };
		641CDC271D535DF10052B45B /* ICSDropShadowView.m in Sources */ = {isa = PBXBuildFile; fileRef = 641CDC231D535DF10052B45B /* ICSDropShadowView.m */; };
		641CDC281D535DF10052B45B /* LeftViewController.m in Sources */ = {isa = PBXBuildFile; fileRef = 641CDC251D535DF10052B45B /* LeftViewController.m */; };
		641CDC331D535DFB0052B45B /* RootTabBarController.m in Sources */ = {isa = PBXBuildFile; fileRef = 641CDC2A1D535DFB0052B45B /* RootTabBarController.m */; };
		641CDC341D535DFB0052B45B /* SJZBageButton.m in Sources */ = {isa = PBXBuildFile; fileRef = 641CDC2C1D535DFB0052B45B /* SJZBageButton.m */; };
		641CDC351D535DFB0052B45B /* SJZTabBar.m in Sources */ = {isa = PBXBuildFile; fileRef = 641CDC2E1D535DFB0052B45B /* SJZTabBar.m */; };
		641CDC361D535DFB0052B45B /* SJZTabBarButton.m in Sources */ = {isa = PBXBuildFile; fileRef = 641CDC301D535DFB0052B45B /* SJZTabBarButton.m */; };
		641CDC371D535DFB0052B45B /* SJZCustomButton.m in Sources */ = {isa = PBXBuildFile; fileRef = 641CDC321D535DFB0052B45B /* SJZCustomButton.m */; };
		641CDC421D535E050052B45B /* OneViewController.m in Sources */ = {isa = PBXBuildFile; fileRef = 641CDC391D535E050052B45B /* OneViewController.m */; };
		641CDC431D535E050052B45B /* TwoViewController.m in Sources */ = {isa = PBXBuildFile; fileRef = 641CDC3B1D535E050052B45B /* TwoViewController.m */; };
		641CDC441D535E050052B45B /* ThreeViewController.m in Sources */ = {isa = PBXBuildFile; fileRef = 641CDC3D1D535E050052B45B /* ThreeViewController.m */; };
		641CDC451D535E050052B45B /* FourViewController.m in Sources */ = {isa = PBXBuildFile; fileRef = 641CDC3F1D535E050052B45B /* FourViewController.m */; };
		641CDC461D535E050052B45B /* FiveViewController.m in Sources */ = {isa = PBXBuildFile; fileRef = 641CDC411D535E050052B45B /* FiveViewController.m */; };
		641CDC4A1D535E1C0052B45B /* NavigationView.m in Sources */ = {isa = PBXBuildFile; fileRef = 641CDC491D535E1C0052B45B /* NavigationView.m */; };
		64285A701D535EB8004A7A72 /* icon.png in Resources */ = {isa = PBXBuildFile; fileRef = 64285A6F1D535EB8004A7A72 /* icon.png */; };
/* End PBXBuildFile section */

/* Begin PBXContainerItemProxy section */
		641CDC001D535DB10052B45B /* PBXContainerItemProxy */ = {
			isa = PBXContainerItemProxy;
			containerPortal = 641CDBDE1D535DB10052B45B /* Project object */;
			proxyType = 1;
			remoteGlobalIDString = 641CDBE51D535DB10052B45B;
			remoteInfo = QQSliderTabbarDemo;
		};
		641CDC0B1D535DB10052B45B /* PBXContainerItemProxy */ = {
			isa = PBXContainerItemProxy;
			containerPortal = 641CDBDE1D535DB10052B45B /* Project object */;
			proxyType = 1;
			remoteGlobalIDString = 641CDBE51D535DB10052B45B;
			remoteInfo = QQSliderTabbarDemo;
		};
/* End PBXContainerItemProxy section */

/* Begin PBXFileReference section */
		641CDBE61D535DB10052B45B /* QQSliderTabbarDemo.app */ = {isa = PBXFileReference; explicitFileType = wrapper.application; includeInIndex = 0; path = QQSliderTabbarDemo.app; sourceTree = BUILT_PRODUCTS_DIR; };
		641CDBEA1D535DB10052B45B /* main.m */ = {isa = PBXFileReference; lastKnownFileType = sourcecode.c.objc; path = main.m; sourceTree = "<group>"; };
		641CDBEC1D535DB10052B45B /* AppDelegate.h */ = {isa = PBXFileReference; lastKnownFileType = sourcecode.c.h; path = AppDelegate.h; sourceTree = "<group>"; };
		641CDBED1D535DB10052B45B /* AppDelegate.m */ = {isa = PBXFileReference; lastKnownFileType = sourcecode.c.objc; path = AppDelegate.m; sourceTree = "<group>"; };
		641CDBEF1D535DB10052B45B /* ViewController.h */ = {isa = PBXFileReference; lastKnownFileType = sourcecode.c.h; path = ViewController.h; sourceTree = "<group>"; };
		641CDBF01D535DB10052B45B /* ViewController.m */ = {isa = PBXFileReference; lastKnownFileType = sourcecode.c.objc; path = ViewController.m; sourceTree = "<group>"; };
		641CDBF31D535DB10052B45B /* Base */ = {isa = PBXFileReference; lastKnownFileType = file.storyboard; name = Base; path = Base.lproj/Main.storyboard; sourceTree = "<group>"; };
		641CDBF51D535DB10052B45B /* Assets.xcassets */ = {isa = PBXFileReference; lastKnownFileType = folder.assetcatalog; path = Assets.xcassets; sourceTree = "<group>"; };
		641CDBF81D535DB10052B45B /* Base */ = {isa = PBXFileReference; lastKnownFileType = file.storyboard; name = Base; path = Base.lproj/LaunchScreen.storyboard; sourceTree = "<group>"; };
		641CDBFA1D535DB10052B45B /* Info.plist */ = {isa = PBXFileReference; lastKnownFileType = text.plist.xml; path = Info.plist; sourceTree = "<group>"; };
		641CDBFF1D535DB10052B45B /* QQSliderTabbarDemoTests.xctest */ = {isa = PBXFileReference; explicitFileType = wrapper.cfbundle; includeInIndex = 0; path = QQSliderTabbarDemoTests.xctest; sourceTree = BUILT_PRODUCTS_DIR; };
		641CDC031D535DB10052B45B /* QQSliderTabbarDemoTests.m */ = {isa = PBXFileReference; lastKnownFileType = sourcecode.c.objc; path = QQSliderTabbarDemoTests.m; sourceTree = "<group>"; };
		641CDC051D535DB10052B45B /* Info.plist */ = {isa = PBXFileReference; lastKnownFileType = text.plist.xml; path = Info.plist; sourceTree = "<group>"; };
		641CDC0A1D535DB10052B45B /* QQSliderTabbarDemoUITests.xctest */ = {isa = PBXFileReference; explicitFileType = wrapper.cfbundle; includeInIndex = 0; path = QQSliderTabbarDemoUITests.xctest; sourceTree = BUILT_PRODUCTS_DIR; };
		641CDC0E1D535DB10052B45B /* QQSliderTabbarDemoUITests.m */ = {isa = PBXFileReference; lastKnownFileType = sourcecode.c.objc; path = QQSliderTabbarDemoUITests.m; sourceTree = "<group>"; };
		641CDC101D535DB10052B45B /* Info.plist */ = {isa = PBXFileReference; lastKnownFileType = text.plist.xml; path = Info.plist; sourceTree = "<group>"; };
		641CDC1D1D535DCC0052B45B /* PrefixHeader.pch */ = {isa = PBXFileReference; fileEncoding = 4; lastKnownFileType = sourcecode.c.h; path = PrefixHeader.pch; sourceTree = "<group>"; };
		641CDC201D535DF10052B45B /* ICSDrawerController.h */ = {isa = PBXFileReference; fileEncoding = 4; lastKnownFileType = sourcecode.c.h; path = ICSDrawerController.h; sourceTree = "<group>"; };
		641CDC211D535DF10052B45B /* ICSDrawerController.m */ = {isa = PBXFileReference; fileEncoding = 4; lastKnownFileType = sourcecode.c.objc; path = ICSDrawerController.m; sourceTree = "<group>"; };
		641CDC221D535DF10052B45B /* ICSDropShadowView.h */ = {isa = PBXFileReference; fileEncoding = 4; lastKnownFileType = sourcecode.c.h; path = ICSDropShadowView.h; sourceTree = "<group>"; };
		641CDC231D535DF10052B45B /* ICSDropShadowView.m */ = {isa = PBXFileReference; fileEncoding = 4; lastKnownFileType = sourcecode.c.objc; path = ICSDropShadowView.m; sourceTree = "<group>"; };
		641CDC241D535DF10052B45B /* LeftViewController.h */ = {isa = PBXFileReference; fileEncoding = 4; lastKnownFileType = sourcecode.c.h; path = LeftViewController.h; sourceTree = "<group>"; };
		641CDC251D535DF10052B45B /* LeftViewController.m */ = {isa = PBXFileReference; fileEncoding = 4; lastKnownFileType = sourcecode.c.objc; path = LeftViewController.m; sourceTree = "<group>"; };
		641CDC291D535DFB0052B45B /* RootTabBarController.h */ = {isa = PBXFileReference; fileEncoding = 4; lastKnownFileType = sourcecode.c.h; path = RootTabBarController.h; sourceTree = "<group>"; };
		641CDC2A1D535DFB0052B45B /* RootTabBarController.m */ = {isa = PBXFileReference; fileEncoding = 4; lastKnownFileType = sourcecode.c.objc; path = RootTabBarController.m; sourceTree = "<group>"; };
		641CDC2B1D535DFB0052B45B /* SJZBageButton.h */ = {isa = PBXFileReference; fileEncoding = 4; lastKnownFileType = sourcecode.c.h; path = SJZBageButton.h; sourceTree = "<group>"; };
		641CDC2C1D535DFB0052B45B /* SJZBageButton.m */ = {isa = PBXFileReference; fileEncoding = 4; lastKnownFileType = sourcecode.c.objc; path = SJZBageButton.m; sourceTree = "<group>"; };
		641CDC2D1D535DFB0052B45B /* SJZTabBar.h */ = {isa = PBXFileReference; fileEncoding = 4; lastKnownFileType = sourcecode.c.h; path = SJZTabBar.h; sourceTree = "<group>"; };
		641CDC2E1D535DFB0052B45B /* SJZTabBar.m */ = {isa = PBXFileReference; fileEncoding = 4; lastKnownFileType = sourcecode.c.objc; path = SJZTabBar.m; sourceTree = "<group>"; };
		641CDC2F1D535DFB0052B45B /* SJZTabBarButton.h */ = {isa = PBXFileReference; fileEncoding = 4; lastKnownFileType = sourcecode.c.h; path = SJZTabBarButton.h; sourceTree = "<group>"; };
		641CDC301D535DFB0052B45B /* SJZTabBarButton.m */ = {isa = PBXFileReference; fileEncoding = 4; lastKnownFileType = sourcecode.c.objc; path = SJZTabBarButton.m; sourceTree = "<group>"; };
		641CDC311D535DFB0052B45B /* SJZCustomButton.h */ = {isa = PBXFileReference; fileEncoding = 4; lastKnownFileType = sourcecode.c.h; path = SJZCustomButton.h; sourceTree = "<group>"; };
		641CDC321D535DFB0052B45B /* SJZCustomButton.m */ = {isa = PBXFileReference; fileEncoding = 4; lastKnownFileType = sourcecode.c.objc; path = SJZCustomButton.m; sourceTree = "<group>"; };
		641CDC381D535E050052B45B /* OneViewController.h */ = {isa = PBXFileReference; fileEncoding = 4; lastKnownFileType = sourcecode.c.h; path = OneViewController.h; sourceTree = "<group>"; };
		641CDC391D535E050052B45B /* OneViewController.m */ = {isa = PBXFileReference; fileEncoding = 4; lastKnownFileType = sourcecode.c.objc; path = OneViewController.m; sourceTree = "<group>"; };
		641CDC3A1D535E050052B45B /* TwoViewController.h */ = {isa = PBXFileReference; fileEncoding = 4; lastKnownFileType = sourcecode.c.h; path = TwoViewController.h; sourceTree = "<group>"; };
		641CDC3B1D535E050052B45B /* TwoViewController.m */ = {isa = PBXFileReference; fileEncoding = 4; lastKnownFileType = sourcecode.c.objc; path = TwoViewController.m; sourceTree = "<group>"; };
		641CDC3C1D535E050052B45B /* ThreeViewController.h */ = {isa = PBXFileReference; fileEncoding = 4; lastKnownFileType = sourcecode.c.h; path = ThreeViewController.h; sourceTree = "<group>"; };
		641CDC3D1D535E050052B45B /* ThreeViewController.m */ = {isa = PBXFileReference; fileEncoding = 4; lastKnownFileType = sourcecode.c.objc; path = ThreeViewController.m; sourceTree = "<group>"; };
		641CDC3E1D535E050052B45B /* FourViewController.h */ = {isa = PBXFileReference; fileEncoding = 4; lastKnownFileType = sourcecode.c.h; path = FourViewController.h; sourceTree = "<group>"; };
		641CDC3F1D535E050052B45B /* FourViewController.m */ = {isa = PBXFileReference; fileEncoding = 4; lastKnownFileType = sourcecode.c.objc; path = FourViewController.m; sourceTree = "<group>"; };
		641CDC401D535E050052B45B /* FiveViewController.h */ = {isa = PBXFileReference; fileEncoding = 4; lastKnownFileType = sourcecode.c.h; path = FiveViewController.h; sourceTree = "<group>"; };
		641CDC411D535E050052B45B /* FiveViewController.m */ = {isa = PBXFileReference; fileEncoding = 4; lastKnownFileType = sourcecode.c.objc; path = FiveViewController.m; sourceTree = "<group>"; };
		641CDC481D535E1C0052B45B /* NavigationView.h */ = {isa = PBXFileReference; fileEncoding = 4; lastKnownFileType = sourcecode.c.h; path = NavigationView.h; sourceTree = "<group>"; };
		641CDC491D535E1C0052B45B /* NavigationView.m */ = {isa = PBXFileReference; fileEncoding = 4; lastKnownFileType = sourcecode.c.objc; path = NavigationView.m; sourceTree = "<group>"; };
		64285A6F1D535EB8004A7A72 /* icon.png */ = {isa = PBXFileReference; lastKnownFileType = image.png; path = icon.png; sourceTree = "<group>"; };
/* End PBXFileReference section */

/* Begin PBXFrameworksBuildPhase section */
		641CDBE31D535DB10052B45B /* Frameworks */ = {
			isa = PBXFrameworksBuildPhase;
			buildActionMask = 2147483647;
			files = (
			);
			runOnlyForDeploymentPostprocessing = 0;
		};
		641CDBFC1D535DB10052B45B /* Frameworks */ = {
			isa = PBXFrameworksBuildPhase;
			buildActionMask = 2147483647;
			files = (
			);
			runOnlyForDeploymentPostprocessing = 0;
		};
		641CDC071D535DB10052B45B /* Frameworks */ = {
			isa = PBXFrameworksBuildPhase;
			buildActionMask = 2147483647;
			files = (
			);
			runOnlyForDeploymentPostprocessing = 0;
		};
/* End PBXFrameworksBuildPhase section */

/* Begin PBXGroup section */
		641CDBDD1D535DB10052B45B = {
			isa = PBXGroup;
			children = (
				64285A6F1D535EB8004A7A72 /* icon.png */,
				641CDBE81D535DB10052B45B /* QQSliderTabbarDemo */,
				641CDC021D535DB10052B45B /* QQSliderTabbarDemoTests */,
				641CDC0D1D535DB10052B45B /* QQSliderTabbarDemoUITests */,
				641CDBE71D535DB10052B45B /* Products */,
			);
			sourceTree = "<group>";
		};
		641CDBE71D535DB10052B45B /* Products */ = {
			isa = PBXGroup;
			children = (
				641CDBE61D535DB10052B45B /* QQSliderTabbarDemo.app */,
				641CDBFF1D535DB10052B45B /* QQSliderTabbarDemoTests.xctest */,
				641CDC0A1D535DB10052B45B /* QQSliderTabbarDemoUITests.xctest */,
			);
			name = Products;
			sourceTree = "<group>";
		};
		641CDBE81D535DB10052B45B /* QQSliderTabbarDemo */ = {
			isa = PBXGroup;
			children = (
				641CDBEC1D535DB10052B45B /* AppDelegate.h */,
				641CDBED1D535DB10052B45B /* AppDelegate.m */,
				641CDBEF1D535DB10052B45B /* ViewController.h */,
				641CDBF01D535DB10052B45B /* ViewController.m */,
				641CDC471D535E0E0052B45B /* Navigation */,
				641CDC1F1D535DDF0052B45B /* LeftSlider */,
				641CDC1E1D535DD40052B45B /* Tabbar */,
				641CDC1C1D535DBA0052B45B /* Controller */,
				641CDBF21D535DB10052B45B /* Main.storyboard */,
				641CDBF51D535DB10052B45B /* Assets.xcassets */,
				641CDBF71D535DB10052B45B /* LaunchScreen.storyboard */,
				641CDBFA1D535DB10052B45B /* Info.plist */,
				641CDBE91D535DB10052B45B /* Supporting Files */,
			);
			path = QQSliderTabbarDemo;
			sourceTree = "<group>";
		};
		641CDBE91D535DB10052B45B /* Supporting Files */ = {
			isa = PBXGroup;
			children = (
				641CDC1D1D535DCC0052B45B /* PrefixHeader.pch */,
				641CDBEA1D535DB10052B45B /* main.m */,
			);
			name = "Supporting Files";
			sourceTree = "<group>";
		};
		641CDC021D535DB10052B45B /* QQSliderTabbarDemoTests */ = {
			isa = PBXGroup;
			children = (
				641CDC031D535DB10052B45B /* QQSliderTabbarDemoTests.m */,
				641CDC051D535DB10052B45B /* Info.plist */,
			);
			path = QQSliderTabbarDemoTests;
			sourceTree = "<group>";
		};
		641CDC0D1D535DB10052B45B /* QQSliderTabbarDemoUITests */ = {
			isa = PBXGroup;
			children = (
				641CDC0E1D535DB10052B45B /* QQSliderTabbarDemoUITests.m */,
				641CDC101D535DB10052B45B /* Info.plist */,
			);
			path = QQSliderTabbarDemoUITests;
			sourceTree = "<group>";
		};
		641CDC1C1D535DBA0052B45B /* Controller */ = {
			isa = PBXGroup;
			children = (
				641CDC381D535E050052B45B /* OneViewController.h */,
				641CDC391D535E050052B45B /* OneViewController.m */,
				641CDC3A1D535E050052B45B /* TwoViewController.h */,
				641CDC3B1D535E050052B45B /* TwoViewController.m */,
				641CDC3C1D535E050052B45B /* ThreeViewController.h */,
				641CDC3D1D535E050052B45B /* ThreeViewController.m */,
				641CDC3E1D535E050052B45B /* FourViewController.h */,
				641CDC3F1D535E050052B45B /* FourViewController.m */,
				641CDC401D535E050052B45B /* FiveViewController.h */,
				641CDC411D535E050052B45B /* FiveViewController.m */,
			);
			name = Controller;
			sourceTree = "<group>";
		};
		641CDC1E1D535DD40052B45B /* Tabbar */ = {
			isa = PBXGroup;
			children = (
				641CDC291D535DFB0052B45B /* RootTabBarController.h */,
				641CDC2A1D535DFB0052B45B /* RootTabBarController.m */,
				641CDC2B1D535DFB0052B45B /* SJZBageButton.h */,
				641CDC2C1D535DFB0052B45B /* SJZBageButton.m */,
				641CDC2D1D535DFB0052B45B /* SJZTabBar.h */,
				641CDC2E1D535DFB0052B45B /* SJZTabBar.m */,
				641CDC2F1D535DFB0052B45B /* SJZTabBarButton.h */,
				641CDC301D535DFB0052B45B /* SJZTabBarButton.m */,
				641CDC311D535DFB0052B45B /* SJZCustomButton.h */,
				641CDC321D535DFB0052B45B /* SJZCustomButton.m */,
			);
			name = Tabbar;
			sourceTree = "<group>";
		};
		641CDC1F1D535DDF0052B45B /* LeftSlider */ = {
			isa = PBXGroup;
			children = (
				641CDC201D535DF10052B45B /* ICSDrawerController.h */,
				641CDC211D535DF10052B45B /* ICSDrawerController.m */,
				641CDC221D535DF10052B45B /* ICSDropShadowView.h */,
				641CDC231D535DF10052B45B /* ICSDropShadowView.m */,
				641CDC241D535DF10052B45B /* LeftViewController.h */,
				641CDC251D535DF10052B45B /* LeftViewController.m */,
			);
			name = LeftSlider;
			sourceTree = "<group>";
		};
		641CDC471D535E0E0052B45B /* Navigation */ = {
			isa = PBXGroup;
			children = (
				641CDC481D535E1C0052B45B /* NavigationView.h */,
				641CDC491D535E1C0052B45B /* NavigationView.m */,
			);
			name = Navigation;
			sourceTree = "<group>";
		};
/* End PBXGroup section */

/* Begin PBXNativeTarget section */
		641CDBE51D535DB10052B45B /* QQSliderTabbarDemo */ = {
			isa = PBXNativeTarget;
			buildConfigurationList = 641CDC131D535DB10052B45B /* Build configuration list for PBXNativeTarget "QQSliderTabbarDemo" */;
			buildPhases = (
				641CDBE21D535DB10052B45B /* Sources */,
				641CDBE31D535DB10052B45B /* Frameworks */,
				641CDBE41D535DB10052B45B /* Resources */,
			);
			buildRules = (
			);
			dependencies = (
			);
			name = QQSliderTabbarDemo;
			productName = QQSliderTabbarDemo;
			productReference = 641CDBE61D535DB10052B45B /* QQSliderTabbarDemo.app */;
			productType = "com.apple.product-type.application";
		};
		641CDBFE1D535DB10052B45B /* QQSliderTabbarDemoTests */ = {
			isa = PBXNativeTarget;
			buildConfigurationList = 641CDC161D535DB10052B45B /* Build configuration list for PBXNativeTarget "QQSliderTabbarDemoTests" */;
			buildPhases = (
				641CDBFB1D535DB10052B45B /* Sources */,
				641CDBFC1D535DB10052B45B /* Frameworks */,
				641CDBFD1D535DB10052B45B /* Resources */,
			);
			buildRules = (
			);
			dependencies = (
				641CDC011D535DB10052B45B /* PBXTargetDependency */,
			);
			name = QQSliderTabbarDemoTests;
			productName = QQSliderTabbarDemoTests;
			productReference = 641CDBFF1D535DB10052B45B /* QQSliderTabbarDemoTests.xctest */;
			productType = "com.apple.product-type.bundle.unit-test";
		};
		641CDC091D535DB10052B45B /* QQSliderTabbarDemoUITests */ = {
			isa = PBXNativeTarget;
			buildConfigurationList = 641CDC191D535DB10052B45B /* Build configuration list for PBXNativeTarget "QQSliderTabbarDemoUITests" */;
			buildPhases = (
				641CDC061D535DB10052B45B /* Sources */,
				641CDC071D535DB10052B45B /* Frameworks */,
				641CDC081D535DB10052B45B /* Resources */,
			);
			buildRules = (
			);
			dependencies = (
				641CDC0C1D535DB10052B45B /* PBXTargetDependency */,
			);
			name = QQSliderTabbarDemoUITests;
			productName = QQSliderTabbarDemoUITests;
			productReference = 641CDC0A1D535DB10052B45B /* QQSliderTabbarDemoUITests.xctest */;
			productType = "com.apple.product-type.bundle.ui-testing";
		};
/* End PBXNativeTarget section */

/* Begin PBXProject section */
		641CDBDE1D535DB10052B45B /* Project object */ = {
			isa = PBXProject;
			attributes = {
				LastUpgradeCheck = 0730;
				ORGANIZATIONNAME = SJZ;
				TargetAttributes = {
					641CDBE51D535DB10052B45B = {
						CreatedOnToolsVersion = 7.3.1;
					};
					641CDBFE1D535DB10052B45B = {
						CreatedOnToolsVersion = 7.3.1;
						TestTargetID = 641CDBE51D535DB10052B45B;
					};
					641CDC091D535DB10052B45B = {
						CreatedOnToolsVersion = 7.3.1;
						TestTargetID = 641CDBE51D535DB10052B45B;
					};
				};
			};
			buildConfigurationList = 641CDBE11D535DB10052B45B /* Build configuration list for PBXProject "QQSliderTabbarDemo" */;
			compatibilityVersion = "Xcode 3.2";
			developmentRegion = English;
			hasScannedForEncodings = 0;
			knownRegions = (
				en,
				Base,
			);
			mainGroup = 641CDBDD1D535DB10052B45B;
			productRefGroup = 641CDBE71D535DB10052B45B /* Products */;
			projectDirPath = "";
			projectRoot = "";
			targets = (
				641CDBE51D535DB10052B45B /* QQSliderTabbarDemo */,
				641CDBFE1D535DB10052B45B /* QQSliderTabbarDemoTests */,
				641CDC091D535DB10052B45B /* QQSliderTabbarDemoUITests */,
			);
		};
/* End PBXProject section */

/* Begin PBXResourcesBuildPhase section */
		641CDBE41D535DB10052B45B /* Resources */ = {
			isa = PBXResourcesBuildPhase;
			buildActionMask = 2147483647;
			files = (
				64285A701D535EB8004A7A72 /* icon.png in Resources */,
				641CDBF91D535DB10052B45B /* LaunchScreen.storyboard in Resources */,
				641CDBF61D535DB10052B45B /* Assets.xcassets in Resources */,
				641CDBF41D535DB10052B45B /* Main.storyboard in Resources */,
			);
			runOnlyForDeploymentPostprocessing = 0;
		};
		641CDBFD1D535DB10052B45B /* Resources */ = {
			isa = PBXResourcesBuildPhase;
			buildActionMask = 2147483647;
			files = (
			);
			runOnlyForDeploymentPostprocessing = 0;
		};
		641CDC081D535DB10052B45B /* Resources */ = {
			isa = PBXResourcesBuildPhase;
			buildActionMask = 2147483647;
			files = (
			);
			runOnlyForDeploymentPostprocessing = 0;
		};
/* End PBXResourcesBuildPhase section */

/* Begin PBXSourcesBuildPhase section */
		641CDBE21D535DB10052B45B /* Sources */ = {
			isa = PBXSourcesBuildPhase;
			buildActionMask = 2147483647;
			files = (
				641CDC431D535E050052B45B /* TwoViewController.m in Sources */,
				641CDC441D535E050052B45B /* ThreeViewController.m in Sources */,
				641CDC331D535DFB0052B45B /* RootTabBarController.m in Sources */,
				641CDC351D535DFB0052B45B /* SJZTabBar.m in Sources */,
				641CDC261D535DF10052B45B /* ICSDrawerController.m in Sources */,
				641CDC421D535E050052B45B /* OneViewController.m in Sources */,
				641CDBF11D535DB10052B45B /* ViewController.m in Sources */,
				641CDBEE1D535DB10052B45B /* AppDelegate.m in Sources */,
				641CDC461D535E050052B45B /* FiveViewController.m in Sources */,
				641CDC341D535DFB0052B45B /* SJZBageButton.m in Sources */,
				641CDC281D535DF10052B45B /* LeftViewController.m in Sources */,
				641CDC4A1D535E1C0052B45B /* NavigationView.m in Sources */,
				641CDBEB1D535DB10052B45B /* main.m in Sources */,
				641CDC271D535DF10052B45B /* ICSDropShadowView.m in Sources */,
				641CDC451D535E050052B45B /* FourViewController.m in Sources */,
				641CDC371D535DFB0052B45B /* SJZCustomButton.m in Sources */,
				641CDC361D535DFB0052B45B /* SJZTabBarButton.m in Sources */,
			);
			runOnlyForDeploymentPostprocessing = 0;
		};
		641CDBFB1D535DB10052B45B /* Sources */ = {
			isa = PBXSourcesBuildPhase;
			buildActionMask = 2147483647;
			files = (
				641CDC041D535DB10052B45B /* QQSliderTabbarDemoTests.m in Sources */,
			);
			runOnlyForDeploymentPostprocessing = 0;
		};
		641CDC061D535DB10052B45B /* Sources */ = {
			isa = PBXSourcesBuildPhase;
			buildActionMask = 2147483647;
			files = (
				641CDC0F1D535DB10052B45B /* QQSliderTabbarDemoUITests.m in Sources */,
			);
			runOnlyForDeploymentPostprocessing = 0;
		};
/* End PBXSourcesBuildPhase section */

/* Begin PBXTargetDependency section */
		641CDC011D535DB10052B45B /* PBXTargetDependency */ = {
			isa = PBXTargetDependency;
			target = 641CDBE51D535DB10052B45B /* QQSliderTabbarDemo */;
			targetProxy = 641CDC001D535DB10052B45B /* PBXContainerItemProxy */;
		};
		641CDC0C1D535DB10052B45B /* PBXTargetDependency */ = {
			isa = PBXTargetDependency;
			target = 641CDBE51D535DB10052B45B /* QQSliderTabbarDemo */;
			targetProxy = 641CDC0B1D535DB10052B45B /* PBXContainerItemProxy */;
		};
/* End PBXTargetDependency section */

/* Begin PBXVariantGroup section */
		641CDBF21D535DB10052B45B /* Main.storyboard */ = {
			isa = PBXVariantGroup;
			children = (
				641CDBF31D535DB10052B45B /* Base */,
			);
			name = Main.storyboard;
			sourceTree = "<group>";
		};
		641CDBF71D535DB10052B45B /* LaunchScreen.storyboard */ = {
			isa = PBXVariantGroup;
			children = (
				641CDBF81D535DB10052B45B /* Base */,
			);
			name = LaunchScreen.storyboard;
			sourceTree = "<group>";
		};
/* End PBXVariantGroup section */

/* Begin XCBuildConfiguration section */
		641CDC111D535DB10052B45B /* Debug */ = {
			isa = XCBuildConfiguration;
			buildSettings = {
				ALWAYS_SEARCH_USER_PATHS = NO;
				CLANG_ANALYZER_NONNULL = YES;
				CLANG_CXX_LANGUAGE_STANDARD = "gnu++0x";
				CLANG_CXX_LIBRARY = "libc++";
				CLANG_ENABLE_MODULES = YES;
				CLANG_ENABLE_OBJC_ARC = YES;
				CLANG_WARN_BOOL_CONVERSION = YES;
				CLANG_WARN_CONSTANT_CONVERSION = YES;
				CLANG_WARN_DIRECT_OBJC_ISA_USAGE = YES_ERROR;
				CLANG_WARN_EMPTY_BODY = YES;
				CLANG_WARN_ENUM_CONVERSION = YES;
				CLANG_WARN_INT_CONVERSION = YES;
				CLANG_WARN_OBJC_ROOT_CLASS = YES_ERROR;
				CLANG_WARN_UNREACHABLE_CODE = YES;
				CLANG_WARN__DUPLICATE_METHOD_MATCH = YES;
				"CODE_SIGN_IDENTITY[sdk=iphoneos*]" = "iPhone Developer";
				COPY_PHASE_STRIP = NO;
				DEBUG_INFORMATION_FORMAT = dwarf;
				ENABLE_STRICT_OBJC_MSGSEND = YES;
				ENABLE_TESTABILITY = YES;
				GCC_C_LANGUAGE_STANDARD = gnu99;
				GCC_DYNAMIC_NO_PIC = NO;
				GCC_NO_COMMON_BLOCKS = YES;
				GCC_OPTIMIZATION_LEVEL = 0;
				GCC_PREPROCESSOR_DEFINITIONS = (
					"DEBUG=1",
					"$(inherited)",
				);
				GCC_WARN_64_TO_32_BIT_CONVERSION = YES;
				GCC_WARN_ABOUT_RETURN_TYPE = YES_ERROR;
				GCC_WARN_UNDECLARED_SELECTOR = YES;
				GCC_WARN_UNINITIALIZED_AUTOS = YES_AGGRESSIVE;
				GCC_WARN_UNUSED_FUNCTION = YES;
				GCC_WARN_UNUSED_VARIABLE = YES;
				IPHONEOS_DEPLOYMENT_TARGET = 9.3;
				MTL_ENABLE_DEBUG_INFO = YES;
				ONLY_ACTIVE_ARCH = YES;
				SDKROOT = iphoneos;
			};
			name = Debug;
		};
		641CDC121D535DB10052B45B /* Release */ = {
			isa = XCBuildConfiguration;
			buildSettings = {
				ALWAYS_SEARCH_USER_PATHS = NO;
				CLANG_ANALYZER_NONNULL = YES;
				CLANG_CXX_LANGUAGE_STANDARD = "gnu++0x";
				CLANG_CXX_LIBRARY = "libc++";
				CLANG_ENABLE_MODULES = YES;
				CLANG_ENABLE_OBJC_ARC = YES;
				CLANG_WARN_BOOL_CONVERSION = YES;
				CLANG_WARN_CONSTANT_CONVERSION = YES;
				CLANG_WARN_DIRECT_OBJC_ISA_USAGE = YES_ERROR;
				CLANG_WARN_EMPTY_BODY = YES;
				CLANG_WARN_ENUM_CONVERSION = YES;
				CLANG_WARN_INT_CONVERSION = YES;
				CLANG_WARN_OBJC_ROOT_CLASS = YES_ERROR;
				CLANG_WARN_UNREACHABLE_CODE = YES;
				CLANG_WARN__DUPLICATE_METHOD_MATCH = YES;
				"CODE_SIGN_IDENTITY[sdk=iphoneos*]" = "iPhone Developer";
				COPY_PHASE_STRIP = NO;
				DEBUG_INFORMATION_FORMAT = "dwarf-with-dsym";
				ENABLE_NS_ASSERTIONS = NO;
				ENABLE_STRICT_OBJC_MSGSEND = YES;
				GCC_C_LANGUAGE_STANDARD = gnu99;
				GCC_NO_COMMON_BLOCKS = YES;
				GCC_WARN_64_TO_32_BIT_CONVERSION = YES;
				GCC_WARN_ABOUT_RETURN_TYPE = YES_ERROR;
				GCC_WARN_UNDECLARED_SELECTOR = YES;
				GCC_WARN_UNINITIALIZED_AUTOS = YES_AGGRESSIVE;
				GCC_WARN_UNUSED_FUNCTION = YES;
				GCC_WARN_UNUSED_VARIABLE = YES;
				IPHONEOS_DEPLOYMENT_TARGET = 9.3;
				MTL_ENABLE_DEBUG_INFO = NO;
				SDKROOT = iphoneos;
				VALIDATE_PRODUCT = YES;
			};
			name = Release;
		};
		641CDC141D535DB10052B45B /* Debug */ = {
			isa = XCBuildConfiguration;
			buildSettings = {
				ASSETCATALOG_COMPILER_APPICON_NAME = AppIcon;
				INFOPLIST_FILE = QQSliderTabbarDemo/Info.plist;
				LD_RUNPATH_SEARCH_PATHS = "$(inherited) @executable_path/Frameworks";
				PRODUCT_BUNDLE_IDENTIFIER = JJT.QQSliderTabbarDemo;
				PRODUCT_NAME = "$(TARGET_NAME)";
			};
			name = Debug;
		};
		641CDC151D535DB10052B45B /* Release */ = {
			isa = XCBuildConfiguration;
			buildSettings = {
				ASSETCATALOG_COMPILER_APPICON_NAME = AppIcon;
				INFOPLIST_FILE = QQSliderTabbarDemo/Info.plist;
				LD_RUNPATH_SEARCH_PATHS = "$(inherited) @executable_path/Frameworks";
				PRODUCT_BUNDLE_IDENTIFIER = JJT.QQSliderTabbarDemo;
				PRODUCT_NAME = "$(TARGET_NAME)";
			};
			name = Release;
		};
		641CDC171D535DB10052B45B /* Debug */ = {
			isa = XCBuildConfiguration;
			buildSettings = {
				BUNDLE_LOADER = "$(TEST_HOST)";
				INFOPLIST_FILE = QQSliderTabbarDemoTests/Info.plist;
				LD_RUNPATH_SEARCH_PATHS = "$(inherited) @executable_path/Frameworks @loader_path/Frameworks";
				PRODUCT_BUNDLE_IDENTIFIER = JJT.QQSliderTabbarDemoTests;
				PRODUCT_NAME = "$(TARGET_NAME)";
				TEST_HOST = "$(BUILT_PRODUCTS_DIR)/QQSliderTabbarDemo.app/QQSliderTabbarDemo";
			};
			name = Debug;
		};
		641CDC181D535DB10052B45B /* Release */ = {
			isa = XCBuildConfiguration;
			buildSettings = {
				BUNDLE_LOADER = "$(TEST_HOST)";
				INFOPLIST_FILE = QQSliderTabbarDemoTests/Info.plist;
				LD_RUNPATH_SEARCH_PATHS = "$(inherited) @executable_path/Frameworks @loader_path/Frameworks";
				PRODUCT_BUNDLE_IDENTIFIER = JJT.QQSliderTabbarDemoTests;
				PRODUCT_NAME = "$(TARGET_NAME)";
				TEST_HOST = "$(BUILT_PRODUCTS_DIR)/QQSliderTabbarDemo.app/QQSliderTabbarDemo";
			};
			name = Release;
		};
		641CDC1A1D535DB10052B45B /* Debug */ = {
			isa = XCBuildConfiguration;
			buildSettings = {
				INFOPLIST_FILE = QQSliderTabbarDemoUITests/Info.plist;
				LD_RUNPATH_SEARCH_PATHS = "$(inherited) @executable_path/Frameworks @loader_path/Frameworks";
				PRODUCT_BUNDLE_IDENTIFIER = JJT.QQSliderTabbarDemoUITests;
				PRODUCT_NAME = "$(TARGET_NAME)";
				TEST_TARGET_NAME = QQSliderTabbarDemo;
			};
			name = Debug;
		};
		641CDC1B1D535DB10052B45B /* Release */ = {
			isa = XCBuildConfiguration;
			buildSettings = {
				INFOPLIST_FILE = QQSliderTabbarDemoUITests/Info.plist;
				LD_RUNPATH_SEARCH_PATHS = "$(inherited) @executable_path/Frameworks @loader_path/Frameworks";
				PRODUCT_BUNDLE_IDENTIFIER = JJT.QQSliderTabbarDemoUITests;
				PRODUCT_NAME = "$(TARGET_NAME)";
				TEST_TARGET_NAME = QQSliderTabbarDemo;
			};
			name = Release;
		};
/* End XCBuildConfiguration section */

/* Begin XCConfigurationList section */
		641CDBE11D535DB10052B45B /* Build configuration list for PBXProject "QQSliderTabbarDemo" */ = {
			isa = XCConfigurationList;
			buildConfigurations = (
				641CDC111D535DB10052B45B /* Debug */,
				641CDC121D535DB10052B45B /* Release */,
			);
			defaultConfigurationIsVisible = 0;
			defaultConfigurationName = Release;
		};
		641CDC131D535DB10052B45B /* Build configuration list for PBXNativeTarget "QQSliderTabbarDemo" */ = {
			isa = XCConfigurationList;
			buildConfigurations = (
				641CDC141D535DB10052B45B /* Debug */,
				641CDC151D535DB10052B45B /* Release */,
			);
			defaultConfigurationIsVisible = 0;
			defaultConfigurationName = Release;
		};
		641CDC161D535DB10052B45B /* Build configuration list for PBXNativeTarget "QQSliderTabbarDemoTests" */ = {
			isa = XCConfigurationList;
			buildConfigurations = (
				641CDC171D535DB10052B45B /* Debug */,
				641CDC181D535DB10052B45B /* Release */,
			);
			defaultConfigurationIsVisible = 0;
			defaultConfigurationName = Release;
		};
		641CDC191D535DB10052B45B /* Build configuration list for PBXNativeTarget "QQSliderTabbarDemoUITests" */ = {
			isa = XCConfigurationList;
			buildConfigurations = (
				641CDC1A1D535DB10052B45B /* Debug */,
				641CDC1B1D535DB10052B45B /* Release */,
			);
			defaultConfigurationIsVisible = 0;
			defaultConfigurationName = Release;
		};
/* End XCConfigurationList section */
	};
	rootObject = 641CDBDE1D535DB10052B45B /* Project object */;
}
